
Microsoft Visual Studio Solution File, Format Version 12.00
# Visual Studio Version 17
VisualStudioVersion = 17.1.32328.378
MinimumVisualStudioVersion = 10.0.40219.1
Project("{FAE04EC0-301F-11D3-BF4B-00C04F79EFBC}") = "SchoolProject", "SchoolProject\SchoolProject.csproj", "{CE11DE12-C561-4581-B964-39F18AF85BE9}"
EndProject
Global
	GlobalSection(SolutionConfigurationPlatforms) = preSolution
		Debug|Any CPU = Debug|Any CPU
		Release|Any CPU = Release|Any CPU
	EndGlobalSection
	GlobalSection(ProjectConfigurationPlatforms) = postSolution
		{CE11DE12-C561-4581-B964-39F18AF85BE9}.Debug|Any CPU.ActiveCfg = Debug|Any CPU
		{CE11DE12-C561-4581-B964-39F18AF85BE9}.Debug|Any CPU.Build.0 = Debug|Any CPU
		{CE11DE12-C561-4581-B964-39F18AF85BE9}.Release|Any CPU.ActiveCfg = Release|Any CPU
		{CE11DE12-C561-4581-B964-39F18AF85BE9}.Release|Any CPU.Build.0 = Release|Any CPU
	EndGlobalSection
	GlobalSection(SolutionProperties) = preSolution
		HideSolutionNode = FALSE
	EndGlobalSection
	GlobalSection(ExtensibilityGlobals) = postSolution
		SolutionGuid = {1AC91E47-CAEB-4545-BAE7-62BE32A2CFC4}
	EndGlobalSection
EndGlobal
